
Microsoft Visual Studio Solution File, Format Version 12.00
# Visual Studio Version 16
VisualStudioVersion = 16.0.29509.3
MinimumVisualStudioVersion = 10.0.40219.1
Project("{9A19103F-16F7-4668-BE54-9A1E7A4F7556}") = "Pygma.App", "Pygma.App\Pygma.App.csproj", "{F2F7FC67-1C56-4480-AD48-154EC04F2BD6}"
EndProject
Project("{2150E333-8FDC-42A3-9474-1A3956D46DE8}") = "src", "src", "{B81D8F30-B298-4833-935B-42955D09E9DF}"
EndProject
Project("{2150E333-8FDC-42A3-9474-1A3956D46DE8}") = "tests", "tests", "{B432CDEA-E665-45B7-8239-424DFE372A8D}"
EndProject
Project("{2150E333-8FDC-42A3-9474-1A3956D46DE8}") = "data", "data", "{34CA0715-15ED-4FE9-B28A-F899081A4A45}"
EndProject
Project("{2150E333-8FDC-42A3-9474-1A3956D46DE8}") = "services", "services", "{20FE44F0-07A5-4B26-8605-41CC9ACC7781}"
EndProject
Project("{2150E333-8FDC-42A3-9474-1A3956D46DE8}") = "exporters", "exporters", "{139FDFEC-2C13-4013-BAE9-74429A0EFEED}"
EndProject
Project("{FAE04EC0-301F-11D3-BF4B-00C04F79EFBC}") = "Pygma.Data", "src\data\Pygma.Data\Pygma.Data.csproj", "{C6D5AB03-B66F-485A-A8EF-5DC995E0A7DE}"
EndProject
Project("{FAE04EC0-301F-11D3-BF4B-00C04F79EFBC}") = "Pygma.Data.Abstractions", "src\data\Pygma.Data.Abstractions\Pygma.Data.Abstractions.csproj", "{2D7CF4E1-B5FB-45D2-9836-794749521148}"
EndProject
Project("{FAE04EC0-301F-11D3-BF4B-00C04F79EFBC}") = "Pygma.Data.Domain", "src\data\Pygma.Data.Domain\Pygma.Data.Domain.csproj", "{B87FB499-CFF7-46C2-9A05-E40E50404B40}"
EndProject
Project("{FAE04EC0-301F-11D3-BF4B-00C04F79EFBC}") = "Pygma.Services.Bootstrapper", "src\services\Pygma.Services.Bootstrapper\Pygma.Services.Bootstrapper.csproj", "{6AFA48B2-41F3-4DB8-95EE-4107083919D4}"
EndProject
Project("{FAE04EC0-301F-11D3-BF4B-00C04F79EFBC}") = "Pygma.Services.Users", "src\services\Pygma.Services.Users\Pygma.Services.Users.csproj", "{801668DC-2EA2-40C4-94D4-C8EA54F706E3}"
EndProject
Project("{FAE04EC0-301F-11D3-BF4B-00C04F79EFBC}") = "Pygma.Blog", "src\Pygma.Blog\Pygma.Blog.csproj", "{BB8C4E3D-42A5-42B2-A7FC-6F1C06A24480}"
EndProject
Project("{FAE04EC0-301F-11D3-BF4B-00C04F79EFBC}") = "Pygma.Admin", "src\Pygma.Admin\Pygma.Admin.csproj", "{3494ABC0-1ACC-4584-A486-D9AAF5C89258}"
EndProject
Project("{FAE04EC0-301F-11D3-BF4B-00C04F79EFBC}") = "Pygma.Common", "src\Pygma.Common\Pygma.Common.csproj", "{1E75D3ED-2E67-4327-884C-C16CFF8329C4}"
EndProject
Project("{2150E333-8FDC-42A3-9474-1A3956D46DE8}") = "unit", "unit", "{21B7C182-1B0E-4F32-B5EB-0A4B62747C3E}"
EndProject
Project("{2150E333-8FDC-42A3-9474-1A3956D46DE8}") = "integration", "integration", "{B78E8BD3-F47A-4C01-88A2-823A93E4892E}"
EndProject
Global
	GlobalSection(SolutionConfigurationPlatforms) = preSolution
		Debug|Any CPU = Debug|Any CPU
		Release|Any CPU = Release|Any CPU
	EndGlobalSection
	GlobalSection(ProjectConfigurationPlatforms) = postSolution
		{F2F7FC67-1C56-4480-AD48-154EC04F2BD6}.Debug|Any CPU.ActiveCfg = Debug|Any CPU
		{F2F7FC67-1C56-4480-AD48-154EC04F2BD6}.Debug|Any CPU.Build.0 = Debug|Any CPU
		{F2F7FC67-1C56-4480-AD48-154EC04F2BD6}.Release|Any CPU.ActiveCfg = Release|Any CPU
		{F2F7FC67-1C56-4480-AD48-154EC04F2BD6}.Release|Any CPU.Build.0 = Release|Any CPU
		{C6D5AB03-B66F-485A-A8EF-5DC995E0A7DE}.Debug|Any CPU.ActiveCfg = Debug|Any CPU
		{C6D5AB03-B66F-485A-A8EF-5DC995E0A7DE}.Debug|Any CPU.Build.0 = Debug|Any CPU
		{C6D5AB03-B66F-485A-A8EF-5DC995E0A7DE}.Release|Any CPU.ActiveCfg = Release|Any CPU
		{C6D5AB03-B66F-485A-A8EF-5DC995E0A7DE}.Release|Any CPU.Build.0 = Release|Any CPU
		{2D7CF4E1-B5FB-45D2-9836-794749521148}.Debug|Any CPU.ActiveCfg = Debug|Any CPU
		{2D7CF4E1-B5FB-45D2-9836-794749521148}.Debug|Any CPU.Build.0 = Debug|Any CPU
		{2D7CF4E1-B5FB-45D2-9836-794749521148}.Release|Any CPU.ActiveCfg = Release|Any CPU
		{2D7CF4E1-B5FB-45D2-9836-794749521148}.Release|Any CPU.Build.0 = Release|Any CPU
		{B87FB499-CFF7-46C2-9A05-E40E50404B40}.Debug|Any CPU.ActiveCfg = Debug|Any CPU
		{B87FB499-CFF7-46C2-9A05-E40E50404B40}.Debug|Any CPU.Build.0 = Debug|Any CPU
		{B87FB499-CFF7-46C2-9A05-E40E50404B40}.Release|Any CPU.ActiveCfg = Release|Any CPU
		{B87FB499-CFF7-46C2-9A05-E40E50404B40}.Release|Any CPU.Build.0 = Release|Any CPU
		{6AFA48B2-41F3-4DB8-95EE-4107083919D4}.Debug|Any CPU.ActiveCfg = Debug|Any CPU
		{6AFA48B2-41F3-4DB8-95EE-4107083919D4}.Debug|Any CPU.Build.0 = Debug|Any CPU
		{6AFA48B2-41F3-4DB8-95EE-4107083919D4}.Release|Any CPU.ActiveCfg = Release|Any CPU
		{6AFA48B2-41F3-4DB8-95EE-4107083919D4}.Release|Any CPU.Build.0 = Release|Any CPU
		{801668DC-2EA2-40C4-94D4-C8EA54F706E3}.Debug|Any CPU.ActiveCfg = Debug|Any CPU
		{801668DC-2EA2-40C4-94D4-C8EA54F706E3}.Debug|Any CPU.Build.0 = Debug|Any CPU
		{801668DC-2EA2-40C4-94D4-C8EA54F706E3}.Release|Any CPU.ActiveCfg = Release|Any CPU
		{801668DC-2EA2-40C4-94D4-C8EA54F706E3}.Release|Any CPU.Build.0 = Release|Any CPU
		{BB8C4E3D-42A5-42B2-A7FC-6F1C06A24480}.Debug|Any CPU.ActiveCfg = Debug|Any CPU
		{BB8C4E3D-42A5-42B2-A7FC-6F1C06A24480}.Debug|Any CPU.Build.0 = Debug|Any CPU
		{BB8C4E3D-42A5-42B2-A7FC-6F1C06A24480}.Release|Any CPU.ActiveCfg = Release|Any CPU
		{BB8C4E3D-42A5-42B2-A7FC-6F1C06A24480}.Release|Any CPU.Build.0 = Release|Any CPU
		{3494ABC0-1ACC-4584-A486-D9AAF5C89258}.Debug|Any CPU.ActiveCfg = Debug|Any CPU
		{3494ABC0-1ACC-4584-A486-D9AAF5C89258}.Debug|Any CPU.Build.0 = Debug|Any CPU
		{3494ABC0-1ACC-4584-A486-D9AAF5C89258}.Release|Any CPU.ActiveCfg = Release|Any CPU
		{3494ABC0-1ACC-4584-A486-D9AAF5C89258}.Release|Any CPU.Build.0 = Release|Any CPU
		{1E75D3ED-2E67-4327-884C-C16CFF8329C4}.Debug|Any CPU.ActiveCfg = Debug|Any CPU
		{1E75D3ED-2E67-4327-884C-C16CFF8329C4}.Debug|Any CPU.Build.0 = Debug|Any CPU
		{1E75D3ED-2E67-4327-884C-C16CFF8329C4}.Release|Any CPU.ActiveCfg = Release|Any CPU
		{1E75D3ED-2E67-4327-884C-C16CFF8329C4}.Release|Any CPU.Build.0 = Release|Any CPU
	EndGlobalSection
	GlobalSection(SolutionProperties) = preSolution
		HideSolutionNode = FALSE
	EndGlobalSection
	GlobalSection(NestedProjects) = preSolution
		{34CA0715-15ED-4FE9-B28A-F899081A4A45} = {B81D8F30-B298-4833-935B-42955D09E9DF}
		{20FE44F0-07A5-4B26-8605-41CC9ACC7781} = {B81D8F30-B298-4833-935B-42955D09E9DF}
		{139FDFEC-2C13-4013-BAE9-74429A0EFEED} = {B81D8F30-B298-4833-935B-42955D09E9DF}
		{C6D5AB03-B66F-485A-A8EF-5DC995E0A7DE} = {34CA0715-15ED-4FE9-B28A-F899081A4A45}
		{2D7CF4E1-B5FB-45D2-9836-794749521148} = {34CA0715-15ED-4FE9-B28A-F899081A4A45}
		{B87FB499-CFF7-46C2-9A05-E40E50404B40} = {34CA0715-15ED-4FE9-B28A-F899081A4A45}
		{6AFA48B2-41F3-4DB8-95EE-4107083919D4} = {20FE44F0-07A5-4B26-8605-41CC9ACC7781}
		{801668DC-2EA2-40C4-94D4-C8EA54F706E3} = {20FE44F0-07A5-4B26-8605-41CC9ACC7781}
		{BB8C4E3D-42A5-42B2-A7FC-6F1C06A24480} = {B81D8F30-B298-4833-935B-42955D09E9DF}
		{3494ABC0-1ACC-4584-A486-D9AAF5C89258} = {B81D8F30-B298-4833-935B-42955D09E9DF}
		{1E75D3ED-2E67-4327-884C-C16CFF8329C4} = {B81D8F30-B298-4833-935B-42955D09E9DF}
		{21B7C182-1B0E-4F32-B5EB-0A4B62747C3E} = {B432CDEA-E665-45B7-8239-424DFE372A8D}
		{B78E8BD3-F47A-4C01-88A2-823A93E4892E} = {B432CDEA-E665-45B7-8239-424DFE372A8D}
	EndGlobalSection
	GlobalSection(ExtensibilityGlobals) = postSolution
		SolutionGuid = {55F29FC7-0145-45E5-B7DD-24CCF7833078}
	EndGlobalSection
EndGlobal
